
Microsoft Visual Studio Solution File, Format Version 12.00
# Visual Studio 2013
VisualStudioVersion = 12.0.31101.0
MinimumVisualStudioVersion = 10.0.40219.1
Project("{FAE04EC0-301F-11D3-BF4B-00C04F79EFBC}") = "DataList", "Dictionary\DataList.csproj", "{1217D97F-D7B3-443E-A4B0-351FA7BB380D}"
EndProject
Global
	GlobalSection(SolutionConfigurationPlatforms) = preSolution
		Debug|Any CPU = Debug|Any CPU
		Release|Any CPU = Release|Any CPU
	EndGlobalSection
	GlobalSection(ProjectConfigurationPlatforms) = postSolution
		{1217D97F-D7B3-443E-A4B0-351FA7BB380D}.Debug|Any CPU.ActiveCfg = Debug|Any CPU
		{1217D97F-D7B3-443E-A4B0-351FA7BB380D}.Debug|Any CPU.Build.0 = Debug|Any CPU
		{1217D97F-D7B3-443E-A4B0-351FA7BB380D}.Release|Any CPU.ActiveCfg = Release|Any CPU
		{1217D97F-D7B3-443E-A4B0-351FA7BB380D}.Release|Any CPU.Build.0 = Release|Any CPU
	EndGlobalSection
	GlobalSection(SolutionProperties) = preSolution
		HideSolutionNode = FALSE
	EndGlobalSection
EndGlobal
